
Microsoft Visual Studio Solution File, Format Version 12.00
# Visual Studio Version 16
VisualStudioVersion = 16.0.30225.117
MinimumVisualStudioVersion = 10.0.40219.1
Project("{FAE04EC0-301F-11D3-BF4B-00C04F79EFBC}") = "CentroSalud", "CentroSalud\CentroSalud.csproj", "{596E475C-AC05-46E2-8265-BE2E33DC18EC}"
EndProject
Project("{FAE04EC0-301F-11D3-BF4B-00C04F79EFBC}") = "Logica", "Logica\Logica.csproj", "{4F7906E1-EB01-43AC-A734-BE0C2150DBE2}"
EndProject
Global
	GlobalSection(SolutionConfigurationPlatforms) = preSolution
		Debug|Any CPU = Debug|Any CPU
		Release|Any CPU = Release|Any CPU
	EndGlobalSection
	GlobalSection(ProjectConfigurationPlatforms) = postSolution
		{596E475C-AC05-46E2-8265-BE2E33DC18EC}.Debug|Any CPU.ActiveCfg = Debug|Any CPU
		{596E475C-AC05-46E2-8265-BE2E33DC18EC}.Debug|Any CPU.Build.0 = Debug|Any CPU
		{596E475C-AC05-46E2-8265-BE2E33DC18EC}.Release|Any CPU.ActiveCfg = Release|Any CPU
		{596E475C-AC05-46E2-8265-BE2E33DC18EC}.Release|Any CPU.Build.0 = Release|Any CPU
		{4F7906E1-EB01-43AC-A734-BE0C2150DBE2}.Debug|Any CPU.ActiveCfg = Debug|Any CPU
		{4F7906E1-EB01-43AC-A734-BE0C2150DBE2}.Debug|Any CPU.Build.0 = Debug|Any CPU
		{4F7906E1-EB01-43AC-A734-BE0C2150DBE2}.Release|Any CPU.ActiveCfg = Release|Any CPU
		{4F7906E1-EB01-43AC-A734-BE0C2150DBE2}.Release|Any CPU.Build.0 = Release|Any CPU
	EndGlobalSection
	GlobalSection(SolutionProperties) = preSolution
		HideSolutionNode = FALSE
	EndGlobalSection
	GlobalSection(ExtensibilityGlobals) = postSolution
		SolutionGuid = {8A40A94B-855A-4A7B-A8AB-6DAAD38C5511}
	EndGlobalSection
EndGlobal
